dependencies:
  idf:
    source:
      type: idf
    version: 5.3.0
  lvgl/lvgl:
    component_hash: b702d642e03e95928046d5c6726558e6444e112420c77efa5fdb6650b0a13c5d
    dependencies: []
    source:
      registry_url: https://components.espressif.com/
      type: service
    version: 9.3.0
direct_dependencies:
- idf
- lvgl/lvgl
manifest_hash: 076a5da56dc547587eb6d2edb922baf690443aebf560fea17c7cce4ae8014744
target: esp32
version: 2.0.0
